{
  "version": 1,
  "dependencies": {
    ".NETCoreApp,Version=v3.1": {
      "CommandLineParser": {
        "type": "Direct",
        "requested": "[2.8.0, )",
        "resolved": "2.8.0",
        "contentHash": "eco2HlKQBY4Joz9odHigzGpVzv6pjsXnY5lziioMveQxr+i2Z7xYcIOMeZTgYiqnMtMAbXMXsVhrNfWO5vJS8Q=="
      },
      "JetBrains.Annotations": {
        "type": "Direct",
        "requested": "[2020.2.0-eap, )",
        "resolved": "2020.2.0-eap",
        "contentHash": "xyihHe8f5T5KU389nBd4cjtZZLtx7lT7sFl1OhXEMdyUWX0tCpGyI4r/ank5BCBhUKd8JV3dXu/LKNedOEdZXA=="
      },
      "Microsoft.EntityFrameworkCore.Design": {
        "type": "Direct",
        "requested": "[3.1.9, )",
        "resolved": "3.1.9",
        "contentHash": "2zgP7BWcw5nqGQiT4bEtiI6ras+4pvKg5D+tA3AYvjEifzzaWvmRTb3B9nRHpIYJAhPtmWNBVnVXLbu3fS1OYA==",
        "dependencies": {
          "Microsoft.CSharp": "4.7.0",
          "Microsoft.EntityFrameworkCore.Relational": "3.1.9"
        }
      },
      "Pomelo.EntityFrameworkCore.MySql": {
        "type": "Direct",
        "requested": "[3.2.3, )",
        "resolved": "3.2.3",
        "contentHash": "1K2qyZ9F+d5oJCKNBapB86/7QnoCk3DvS8dGc7wmMwrv5034x2bqNE9j0uNoc9u4tfGeLNTo9fSOTTTy69UxOw==",
        "dependencies": {
          "Microsoft.EntityFrameworkCore.Relational": "[3.1.8, 5.0.0)",
          "MySqlConnector": "[0.69.9, 1.0.0)",
          "Pomelo.JsonObject": "2.2.1"
        }
      },
      "Microsoft.Bcl.AsyncInterfaces": {
        "type": "Transitive",
        "resolved": "1.1.1",
        "contentHash": "yuvf07qFWFqtK3P/MRkEKLhn5r2UbSpVueRziSqj0yJQIKFwG1pq9mOayK3zE5qZCTs0CbrwL9M6R8VwqyGy2w=="
      },
      "Microsoft.Bcl.HashCode": {
        "type": "Transitive",
        "resolved": "1.1.0",
        "contentHash": "J2G1k+u5unBV+aYcwxo94ip16Rkp65pgWFb0R6zwJipzWNMgvqlWeuI7/+R+e8bob66LnSG+llLJ+z8wI94cHg=="
      },
      "Microsoft.CSharp": {
        "type": "Transitive",
        "resolved": "4.7.0",
        "contentHash": "pTj+D3uJWyN3My70i2Hqo+OXixq3Os2D1nJ2x92FFo6sk8fYS1m1WLNTs0Dc1uPaViH0YvEEwvzddQ7y4rhXmA=="
      },
      "Microsoft.EntityFrameworkCore": {
        "type": "Transitive",
        "resolved": "3.1.9",
        "contentHash": "u3A2W0BvAuAF2jgW+WX+C+Sh8sMGX5Kl1hdA0gu6A/XSrZQoW/BUP4a/q2n3iitDGndaorqjAKx+Spb9gBto+w==",
        "dependencies": {
          "Microsoft.Bcl.AsyncInterfaces": "1.1.1",
          "Microsoft.Bcl.HashCode": "1.1.0",
          "Microsoft.EntityFrameworkCore.Abstractions": "3.1.9",
          "Microsoft.EntityFrameworkCore.Analyzers": "3.1.9",
          "Microsoft.Extensions.Caching.Memory": "3.1.9",
          "Microsoft.Extensions.DependencyInjection": "3.1.9",
          "Microsoft.Extensions.Logging": "3.1.9",
          "System.Collections.Immutable": "1.7.1",
          "System.ComponentModel.Annotations": "4.7.0",
          "System.Diagnostics.DiagnosticSource": "4.7.1"
        }
      },
      "Microsoft.EntityFrameworkCore.Abstractions": {
        "type": "Transitive",
        "resolved": "3.1.9",
        "contentHash": "IR6Y4RJVlw0QXdWXjF3Kx9s1QLiicJus+BFBKr43lBtriV20j3yrWMoaZ9W1AUUgnicZXpXVcNfklqtmwb9Sxw=="
      },
      "Microsoft.EntityFrameworkCore.Analyzers": {
        "type": "Transitive",
        "resolved": "3.1.9",
        "contentHash": "eXGyx/Lb1fiiKtnIStdxGrfBSSQg8oZytE10f1T/2xAx12W9dKB9U9fg05cwNCDC0S2CXILsmZHYaGqCSXVAqQ=="
      },
      "Microsoft.EntityFrameworkCore.Relational": {
        "type": "Transitive",
        "resolved": "3.1.9",
        "contentHash": "7fhWuSfrCYlv/hvOX5OhbFJF/G9f8sifqTrJiYnAYLDOvNizwv7t9tFPD8JwaF3zM2S54O5/Vni2NxvwzSaW2w==",
        "dependencies": {
          "Microsoft.EntityFrameworkCore": "3.1.9"
        }
      },
      "Microsoft.Extensions.Caching.Abstractions": {
        "type": "Transitive",
        "resolved": "3.1.9",
        "contentHash": "/2QsPAsUZD4qvftZkUKHRRRryPDXWh606/iNXPLrulwHLMr9JNsKBJWVqylT3qU92nJok5VoqSblkY9mSyxFyg==",
        "dependencies": {
          "Microsoft.Extensions.Primitives": "3.1.9"
        }
      },
      "Microsoft.Extensions.Caching.Memory": {
        "type": "Transitive",
        "resolved": "3.1.9",
        "contentHash": "/JrVMVetX/kpJQUIlJ6NLQ3zbF0yyryXpo4+uFCqYIUZzgmWk8DS/zSKcyj1tQ3410+vhDEAPngxC+hg0IlJeg==",
        "dependencies": {
          "Microsoft.Extensions.Caching.Abstractions": "3.1.9",
          "Microsoft.Extensions.DependencyInjection.Abstractions": "3.1.9",
          "Microsoft.Extensions.Logging.Abstractions": "3.1.9",
          "Microsoft.Extensions.Options": "3.1.9"
        }
      },
      "Microsoft.Extensions.Configuration": {
        "type": "Transitive",
        "resolved": "3.1.9",
        "contentHash": "lqdkOGNeTMKG981Q7yWGlRiFbIlsRwTlMMiybT+WOzUCFBS/wc25tZgh7Wm/uRoBbWefgvokzmnea7ZjmFedmA==",
        "dependencies": {
          "Microsoft.Extensions.Configuration.Abstractions": "3.1.9"
        }
      },
      "Microsoft.Extensions.Configuration.Abstractions": {
        "type": "Transitive",
        "resolved": "3.1.9",
        "contentHash": "vOJxPKczaHpXeZFrxARxYwsEulhEouXc5aZGgMdkhV/iEXX9/pfjqKk76rTG+4CsJjHV+G/4eMhvOIaQMHENNA==",
        "dependencies": {
          "Microsoft.Extensions.Primitives": "3.1.9"
        }
      },
      "Microsoft.Extensions.Configuration.Binder": {
        "type": "Transitive",
        "resolved": "3.1.9",
        "contentHash": "BG6HcT7tARYakftqfQu+cLksgIWG1NdxMY+igI12hdZrUK+WjS973NiRyuao/U9yyTeM9NPwRnC61hCmG3G3jg==",
        "dependencies": {
          "Microsoft.Extensions.Configuration": "3.1.9"
        }
      },
      "Microsoft.Extensions.DependencyInjection": {
        "type": "Transitive",
        "resolved": "3.1.9",
        "contentHash": "ORqfrAACcvTInie1oGola5uky344/PiNfgayTPuZWV4WnSfIQZJQm/ZLpGshJE3h7TqwYaYElGazK/yaM2bFLA==",
        "dependencies": {
          "Microsoft.Extensions.DependencyInjection.Abstractions": "3.1.9"
        }
      },
      "Microsoft.Extensions.DependencyInjection.Abstractions": {
        "type": "Transitive",
        "resolved": "3.1.9",
        "contentHash": "8PkcaPwiTPOhqshoY4+rQUbz86X6YpLDLUqXOezh7L2A3pgpBmeBBByYIffofBlvQxDdQ0zB2DkWjbZWyCxRWg=="
      },
      "Microsoft.Extensions.Logging": {
        "type": "Transitive",
        "resolved": "3.1.9",
        "contentHash": "+V3i0jCQCO6IIOf6e+fL0SqrZd2x/Krug9EEL1JHa9R03RsbEpltCtjVY5hxedyuyuQKwvLoR12sCfu/9XEUAw==",
        "dependencies": {
          "Microsoft.Extensions.Configuration.Binder": "3.1.9",
          "Microsoft.Extensions.DependencyInjection": "3.1.9",
          "Microsoft.Extensions.Logging.Abstractions": "3.1.9",
          "Microsoft.Extensions.Options": "3.1.9"
        }
      },
      "Microsoft.Extensions.Logging.Abstractions": {
        "type": "Transitive",
        "resolved": "3.1.9",
        "contentHash": "W5fbF8qVR9SMVVJqDQLIR7meWbev6Pu/lbrm7LDNr4Sp7HOotr4k2UULTdFSXOi5aoDdkQZpWnq0ZSpjrR3tjg=="
      },
      "Microsoft.Extensions.Options": {
        "type": "Transitive",
        "resolved": "3.1.9",
        "contentHash": "EIb3G1DL+Rl9MvJR7LjI1wCy2nfTN4y8MflbOftn1HLYQBj/Rwl8kUbGTrSFE01c99Wm4ETjWVsjqKcpFvhPng==",
        "dependencies": {
          "Microsoft.Extensions.DependencyInjection.Abstractions": "3.1.9",
          "Microsoft.Extensions.Primitives": "3.1.9"
        }
      },
      "Microsoft.Extensions.Primitives": {
        "type": "Transitive",
        "resolved": "3.1.9",
        "contentHash": "IrHecH0eGG7/XoeEtv++oLg/sJHRNyeCqlA9RhAo6ig4GpOTjtDr32sBMYuuLtUq8ALahneWkrOzoBAwJ4L4iA=="
      },
      "MySqlConnector": {
        "type": "Transitive",
        "resolved": "0.69.9",
        "contentHash": "WpY4jWc5ee5kgKy3XAK9JMjRmn7+jLYCgDlYvFK+GTrzaiWDWoYLbtJge6l1tqo2teUAP3kzzsJpP8QwJM1W4Q=="
      },
      "Newtonsoft.Json": {
        "type": "Transitive",
        "resolved": "11.0.2",
        "contentHash": "IvJe1pj7JHEsP8B8J8DwlMEx8UInrs/x+9oVY+oCD13jpLu4JbJU2WCIsMRn5C4yW9+DgkaO8uiVE5VHKjpmdQ=="
      },
      "Pomelo.JsonObject": {
        "type": "Transitive",
        "resolved": "2.2.1",
        "contentHash": "VHPk3Yf7nDt+tZMC1M4oAoc3bgTYsOrap3VTjn//vd91b/nfquAbAeq1k0Lf7mPt8J7imLd9Pbzm50uB5euuZA==",
        "dependencies": {
          "Microsoft.CSharp": "4.5.0",
          "Newtonsoft.Json": "11.0.2"
        }
      },
      "System.Collections.Immutable": {
        "type": "Transitive",
        "resolved": "1.7.1",
        "contentHash": "B43Zsz5EfMwyEbnObwRxW5u85fzJma3lrDeGcSAV1qkhSRTNY5uXAByTn9h9ddNdhM+4/YoLc/CI43umjwIl9Q=="
      },
      "System.ComponentModel.Annotations": {
        "type": "Transitive",
        "resolved": "4.7.0",
        "contentHash": "0YFqjhp/mYkDGpU0Ye1GjE53HMp9UVfGN7seGpAMttAC0C40v5gw598jCgpbBLMmCo0E5YRLBv5Z2doypO49ZQ=="
      },
      "System.Diagnostics.DiagnosticSource": {
        "type": "Transitive",
        "resolved": "4.7.1",
        "contentHash": "j81Lovt90PDAq8kLpaJfJKV/rWdWuEk6jfV+MBkee33vzYLEUsy4gXK8laa9V2nZlLM9VM9yA/OOQxxPEJKAMw=="
      }
    }
  }
}