
Microsoft Visual Studio Solution File, Format Version 12.00
Project("{FAE04EC0-301F-11D3-BF4B-00C04F79EFBC}") = "Core", "Core\Core.csproj", "{63977919-49C4-4E95-9A21-6510A940EC8A}"
EndProject
Project("{FAE04EC0-301F-11D3-BF4B-00C04F79EFBC}") = "CorePluginAPI", "CorePluginAPI\CorePluginAPI.csproj", "{017859C8-BBF8-47B1-B320-B6944BAFA8BD}"
EndProject
Project("{FAE04EC0-301F-11D3-BF4B-00C04F79EFBC}") = "ExamplePlugin", "Plugins\ExamplePlugin\ExamplePlugin.csproj", "{930E5131-B018-4255-BC08-ACE8F2C1BAC5}"
EndProject
Project("{2150E333-8FDC-42A3-9474-1A3956D46DE8}") = "Plugins", "Plugins", "{6D101418-9A2D-41CB-BEA9-47F915395CE8}"
EndProject
Project("{FAE04EC0-301F-11D3-BF4B-00C04F79EFBC}") = "PrometheusPlugin", "Plugins\PrometheusPlugin\PrometheusPlugin.csproj", "{631F3027-FFC5-4F91-8ED5-8B0A8DF97ABE}"
EndProject
Project("{FAE04EC0-301F-11D3-BF4B-00C04F79EFBC}") = "Core.Tests", "Tests\Core.Tests\Core.Tests.csproj", "{D02F020D-2464-48F3-B89E-EF4BABCB7713}"
EndProject
Project("{2150E333-8FDC-42A3-9474-1A3956D46DE8}") = "Executables", "Executables", "{2D49C796-8A20-414E-818A-A92E7161D1B3}"
EndProject
Project("{FAE04EC0-301F-11D3-BF4B-00C04F79EFBC}") = "Game.Server", "Executables\Game.Server\Game.Server.csproj", "{E15A13F9-7FB8-4A77-99F8-1CE05914301B}"
EndProject
Project("{FAE04EC0-301F-11D3-BF4B-00C04F79EFBC}") = "Auth.Server", "Executables\Auth.Server\Auth.Server.csproj", "{55740D51-1175-4786-A6F2-AC1AFF29864D}"
EndProject
Project("{FAE04EC0-301F-11D3-BF4B-00C04F79EFBC}") = "Core.Networking.Generators", "Core.Networking.Generators\Core.Networking.Generators.csproj", "{5A7B4C93-5114-44BA-B94E-14BA0A9B6F07}"
EndProject
Project("{FAE04EC0-301F-11D3-BF4B-00C04F79EFBC}") = "Core.Networking", "Core.Networking\Core.Networking.csproj", "{9D257823-D1F1-4831-B4BA-613FFD6C4529}"
EndProject
Project("{FAE04EC0-301F-11D3-BF4B-00C04F79EFBC}") = "Core.Networking.Generators.Tests", "Tests\Core.Networking.Generators.Tests\Core.Networking.Generators.Tests.csproj", "{5B18DAF2-E35C-48A9-AB72-65A481DB5590}"
EndProject
Project("{FAE04EC0-301F-11D3-BF4B-00C04F79EFBC}") = "Core.Caching", "Data\Core.Caching\Core.Caching.csproj", "{5330599B-ECAA-47A3-8DF1-539CF7885AFC}"
EndProject
Project("{FAE04EC0-301F-11D3-BF4B-00C04F79EFBC}") = "Auth.Persistence", "Data\Auth.Persistence\Auth.Persistence.csproj", "{69F84025-1299-498A-B358-963272578C92}"
EndProject
Project("{FAE04EC0-301F-11D3-BF4B-00C04F79EFBC}") = "Game.Persistence", "Data\Game.Persistence\Game.Persistence.csproj", "{0845E057-896F-4A8B-AAA5-233091B7EB1D}"
EndProject
Project("{2150E333-8FDC-42A3-9474-1A3956D46DE8}") = "Data", "Data", "{5D1259AE-E0B7-43FA-AACC-87F587A0282C}"
EndProject
Project("{FAE04EC0-301F-11D3-BF4B-00C04F79EFBC}") = "Core.Persistence", "Data\Core.Persistence\Core.Persistence.csproj", "{005CE889-4674-4EAB-8A21-867E7D9A2BCD}"
EndProject
Project("{FAE04EC0-301F-11D3-BF4B-00C04F79EFBC}") = "Game.Caching", "Data\Game.Caching\Game.Caching.csproj", "{31E30DA3-9D5E-4963-BB40-CCFE30E3D20F}"
EndProject
Project("{2150E333-8FDC-42A3-9474-1A3956D46DE8}") = "Tests", "Tests", "{5BBCB9D9-C272-4400-ABCE-B47C073AF753}"
EndProject
Project("{FAE04EC0-301F-11D3-BF4B-00C04F79EFBC}") = "Data.Auth.Tests", "Tests\Data.Auth.Tests\Data.Auth.Tests.csproj", "{81495540-0965-45D4-B42F-95BD1B747DBE}"
EndProject
Project("{FAE04EC0-301F-11D3-BF4B-00C04F79EFBC}") = "Weikio.PluginFramework.Microsoft.DependencyInjection", "Weikio.PluginFramework.Microsoft.DependencyInjection\Weikio.PluginFramework.Microsoft.DependencyInjection.csproj", "{6D6927C1-9714-4DD4-8FE4-DAFD3E19E1BA}"
EndProject
Project("{FAE04EC0-301F-11D3-BF4B-00C04F79EFBC}") = "Game.Benchmarks", "Game.Benchmarks\Game.Benchmarks.csproj", "{08C823FA-CE25-4A3A-950E-1318EF8FD820}"
EndProject
Project("{FAE04EC0-301F-11D3-BF4B-00C04F79EFBC}") = "Game.Tests", "Tests\Game.Tests\Game.Tests.csproj", "{0051033D-1CCB-460C-9E3D-7027141B437A}"
EndProject
Project("{FAE04EC0-301F-11D3-BF4B-00C04F79EFBC}") = "Auth.Tests", "Tests\Auth.Tests\Auth.Tests.csproj", "{5C5AC92D-7010-4C24-A94D-7922787A58FE}"
EndProject
Project("{2150E333-8FDC-42A3-9474-1A3956D46DE8}") = "Libraries", "Libraries", "{9DA1A834-39B0-424F-A527-C0E9B2CBD931}"
EndProject
Project("{FAE04EC0-301F-11D3-BF4B-00C04F79EFBC}") = "Game.Commands", "Libraries\Game.Commands\Game.Commands.csproj", "{493DD2DA-A3B3-4122-8DB4-7C854F80EB7D}"
EndProject
Project("{FAE04EC0-301F-11D3-BF4B-00C04F79EFBC}") = "Game.Commands.Tests", "Tests\Game.Commands.Tests\Game.Commands.Tests.csproj", "{EFF23932-7926-4DDD-8B45-9E7E2A2CA03A}"
EndProject
Project("{FAE04EC0-301F-11D3-BF4B-00C04F79EFBC}") = "DocsGenerator", "Executables\DocsGenerator\DocsGenerator.csproj", "{80D03D0B-F9FE-4553-A4BF-49EBA3AFC719}"
EndProject
Project("{FAE04EC0-301F-11D3-BF4B-00C04F79EFBC}") = "Single", "Executables\Single\Single.csproj", "{307F485C-E7CD-473E-AA44-CFDA7350EFA4}"
EndProject
Project("{FAE04EC0-301F-11D3-BF4B-00C04F79EFBC}") = "Core.Caching.Tests", "Tests\Core.Caching.Tests\Core.Caching.Tests.csproj", "{3039FB26-0176-472A-96C0-60538A27AE0D}"
EndProject
Project("{FAE04EC0-301F-11D3-BF4B-00C04F79EFBC}") = "Game", "Executables\Game\Game.csproj", "{BDF370ED-DDBF-4C10-8FA9-E2657B85678A}"
EndProject
Project("{FAE04EC0-301F-11D3-BF4B-00C04F79EFBC}") = "Auth", "Executables\Auth\Auth.csproj", "{13B6BEFF-A4DF-4F7B-B889-2967101FDC15}"
EndProject
Global
	GlobalSection(SolutionConfigurationPlatforms) = preSolution
		Debug|Any CPU = Debug|Any CPU
		Release|Any CPU = Release|Any CPU
	EndGlobalSection
	GlobalSection(ProjectConfigurationPlatforms) = postSolution
		{63977919-49C4-4E95-9A21-6510A940EC8A}.Debug|Any CPU.ActiveCfg = Debug|Any CPU
		{63977919-49C4-4E95-9A21-6510A940EC8A}.Debug|Any CPU.Build.0 = Debug|Any CPU
		{63977919-49C4-4E95-9A21-6510A940EC8A}.Release|Any CPU.ActiveCfg = Release|Any CPU
		{63977919-49C4-4E95-9A21-6510A940EC8A}.Release|Any CPU.Build.0 = Release|Any CPU
		{017859C8-BBF8-47B1-B320-B6944BAFA8BD}.Debug|Any CPU.ActiveCfg = Debug|Any CPU
		{017859C8-BBF8-47B1-B320-B6944BAFA8BD}.Debug|Any CPU.Build.0 = Debug|Any CPU
		{017859C8-BBF8-47B1-B320-B6944BAFA8BD}.Release|Any CPU.ActiveCfg = Release|Any CPU
		{017859C8-BBF8-47B1-B320-B6944BAFA8BD}.Release|Any CPU.Build.0 = Release|Any CPU
		{930E5131-B018-4255-BC08-ACE8F2C1BAC5}.Debug|Any CPU.ActiveCfg = Debug|Any CPU
		{930E5131-B018-4255-BC08-ACE8F2C1BAC5}.Debug|Any CPU.Build.0 = Debug|Any CPU
		{930E5131-B018-4255-BC08-ACE8F2C1BAC5}.Release|Any CPU.ActiveCfg = Release|Any CPU
		{930E5131-B018-4255-BC08-ACE8F2C1BAC5}.Release|Any CPU.Build.0 = Release|Any CPU
		{631F3027-FFC5-4F91-8ED5-8B0A8DF97ABE}.Debug|Any CPU.ActiveCfg = Debug|Any CPU
		{631F3027-FFC5-4F91-8ED5-8B0A8DF97ABE}.Debug|Any CPU.Build.0 = Debug|Any CPU
		{631F3027-FFC5-4F91-8ED5-8B0A8DF97ABE}.Release|Any CPU.ActiveCfg = Release|Any CPU
		{631F3027-FFC5-4F91-8ED5-8B0A8DF97ABE}.Release|Any CPU.Build.0 = Release|Any CPU
		{D02F020D-2464-48F3-B89E-EF4BABCB7713}.Debug|Any CPU.ActiveCfg = Debug|Any CPU
		{D02F020D-2464-48F3-B89E-EF4BABCB7713}.Debug|Any CPU.Build.0 = Debug|Any CPU
		{D02F020D-2464-48F3-B89E-EF4BABCB7713}.Release|Any CPU.ActiveCfg = Release|Any CPU
		{D02F020D-2464-48F3-B89E-EF4BABCB7713}.Release|Any CPU.Build.0 = Release|Any CPU
		{E15A13F9-7FB8-4A77-99F8-1CE05914301B}.Debug|Any CPU.ActiveCfg = Debug|Any CPU
		{E15A13F9-7FB8-4A77-99F8-1CE05914301B}.Debug|Any CPU.Build.0 = Debug|Any CPU
		{E15A13F9-7FB8-4A77-99F8-1CE05914301B}.Release|Any CPU.ActiveCfg = Release|Any CPU
		{E15A13F9-7FB8-4A77-99F8-1CE05914301B}.Release|Any CPU.Build.0 = Release|Any CPU
		{55740D51-1175-4786-A6F2-AC1AFF29864D}.Debug|Any CPU.ActiveCfg = Debug|Any CPU
		{55740D51-1175-4786-A6F2-AC1AFF29864D}.Debug|Any CPU.Build.0 = Debug|Any CPU
		{55740D51-1175-4786-A6F2-AC1AFF29864D}.Release|Any CPU.ActiveCfg = Release|Any CPU
		{55740D51-1175-4786-A6F2-AC1AFF29864D}.Release|Any CPU.Build.0 = Release|Any CPU
		{5A7B4C93-5114-44BA-B94E-14BA0A9B6F07}.Debug|Any CPU.ActiveCfg = Debug|Any CPU
		{5A7B4C93-5114-44BA-B94E-14BA0A9B6F07}.Debug|Any CPU.Build.0 = Debug|Any CPU
		{5A7B4C93-5114-44BA-B94E-14BA0A9B6F07}.Release|Any CPU.ActiveCfg = Release|Any CPU
		{5A7B4C93-5114-44BA-B94E-14BA0A9B6F07}.Release|Any CPU.Build.0 = Release|Any CPU
		{9D257823-D1F1-4831-B4BA-613FFD6C4529}.Debug|Any CPU.ActiveCfg = Debug|Any CPU
		{9D257823-D1F1-4831-B4BA-613FFD6C4529}.Debug|Any CPU.Build.0 = Debug|Any CPU
		{9D257823-D1F1-4831-B4BA-613FFD6C4529}.Release|Any CPU.ActiveCfg = Release|Any CPU
		{9D257823-D1F1-4831-B4BA-613FFD6C4529}.Release|Any CPU.Build.0 = Release|Any CPU
		{5B18DAF2-E35C-48A9-AB72-65A481DB5590}.Debug|Any CPU.ActiveCfg = Debug|Any CPU
		{5B18DAF2-E35C-48A9-AB72-65A481DB5590}.Debug|Any CPU.Build.0 = Debug|Any CPU
		{5B18DAF2-E35C-48A9-AB72-65A481DB5590}.Release|Any CPU.ActiveCfg = Release|Any CPU
		{5B18DAF2-E35C-48A9-AB72-65A481DB5590}.Release|Any CPU.Build.0 = Release|Any CPU
		{84A82103-9C4B-4224-9DF8-53F5E74C0AF7}.Debug|Any CPU.ActiveCfg = Debug|Any CPU
		{84A82103-9C4B-4224-9DF8-53F5E74C0AF7}.Debug|Any CPU.Build.0 = Debug|Any CPU
		{84A82103-9C4B-4224-9DF8-53F5E74C0AF7}.Release|Any CPU.ActiveCfg = Release|Any CPU
		{84A82103-9C4B-4224-9DF8-53F5E74C0AF7}.Release|Any CPU.Build.0 = Release|Any CPU
		{08C823FA-CE25-4A3A-950E-1318EF8FD820}.Debug|Any CPU.ActiveCfg = Debug|Any CPU
		{08C823FA-CE25-4A3A-950E-1318EF8FD820}.Debug|Any CPU.Build.0 = Debug|Any CPU
		{08C823FA-CE25-4A3A-950E-1318EF8FD820}.Release|Any CPU.ActiveCfg = Release|Any CPU
		{08C823FA-CE25-4A3A-950E-1318EF8FD820}.Release|Any CPU.Build.0 = Release|Any CPU
		{0051033D-1CCB-460C-9E3D-7027141B437A}.Debug|Any CPU.ActiveCfg = Debug|Any CPU
		{0051033D-1CCB-460C-9E3D-7027141B437A}.Debug|Any CPU.Build.0 = Debug|Any CPU
		{0051033D-1CCB-460C-9E3D-7027141B437A}.Release|Any CPU.ActiveCfg = Release|Any CPU
		{0051033D-1CCB-460C-9E3D-7027141B437A}.Release|Any CPU.Build.0 = Release|Any CPU
		{5330599B-ECAA-47A3-8DF1-539CF7885AFC}.Debug|Any CPU.ActiveCfg = Debug|Any CPU
		{5330599B-ECAA-47A3-8DF1-539CF7885AFC}.Debug|Any CPU.Build.0 = Debug|Any CPU
		{5330599B-ECAA-47A3-8DF1-539CF7885AFC}.Release|Any CPU.ActiveCfg = Release|Any CPU
		{5330599B-ECAA-47A3-8DF1-539CF7885AFC}.Release|Any CPU.Build.0 = Release|Any CPU
		{69F84025-1299-498A-B358-963272578C92}.Debug|Any CPU.ActiveCfg = Debug|Any CPU
		{69F84025-1299-498A-B358-963272578C92}.Debug|Any CPU.Build.0 = Debug|Any CPU
		{69F84025-1299-498A-B358-963272578C92}.Release|Any CPU.ActiveCfg = Release|Any CPU
		{69F84025-1299-498A-B358-963272578C92}.Release|Any CPU.Build.0 = Release|Any CPU
		{0845E057-896F-4A8B-AAA5-233091B7EB1D}.Debug|Any CPU.ActiveCfg = Debug|Any CPU
		{0845E057-896F-4A8B-AAA5-233091B7EB1D}.Debug|Any CPU.Build.0 = Debug|Any CPU
		{0845E057-896F-4A8B-AAA5-233091B7EB1D}.Release|Any CPU.ActiveCfg = Release|Any CPU
		{0845E057-896F-4A8B-AAA5-233091B7EB1D}.Release|Any CPU.Build.0 = Release|Any CPU
		{005CE889-4674-4EAB-8A21-867E7D9A2BCD}.Debug|Any CPU.ActiveCfg = Debug|Any CPU
		{005CE889-4674-4EAB-8A21-867E7D9A2BCD}.Debug|Any CPU.Build.0 = Debug|Any CPU
		{005CE889-4674-4EAB-8A21-867E7D9A2BCD}.Release|Any CPU.ActiveCfg = Release|Any CPU
		{005CE889-4674-4EAB-8A21-867E7D9A2BCD}.Release|Any CPU.Build.0 = Release|Any CPU
		{31E30DA3-9D5E-4963-BB40-CCFE30E3D20F}.Debug|Any CPU.ActiveCfg = Debug|Any CPU
		{31E30DA3-9D5E-4963-BB40-CCFE30E3D20F}.Debug|Any CPU.Build.0 = Debug|Any CPU
		{31E30DA3-9D5E-4963-BB40-CCFE30E3D20F}.Release|Any CPU.ActiveCfg = Release|Any CPU
		{31E30DA3-9D5E-4963-BB40-CCFE30E3D20F}.Release|Any CPU.Build.0 = Release|Any CPU
		{81495540-0965-45D4-B42F-95BD1B747DBE}.Debug|Any CPU.ActiveCfg = Debug|Any CPU
		{81495540-0965-45D4-B42F-95BD1B747DBE}.Debug|Any CPU.Build.0 = Debug|Any CPU
		{81495540-0965-45D4-B42F-95BD1B747DBE}.Release|Any CPU.ActiveCfg = Release|Any CPU
		{81495540-0965-45D4-B42F-95BD1B747DBE}.Release|Any CPU.Build.0 = Release|Any CPU
		{6D6927C1-9714-4DD4-8FE4-DAFD3E19E1BA}.Debug|Any CPU.ActiveCfg = Debug|Any CPU
		{6D6927C1-9714-4DD4-8FE4-DAFD3E19E1BA}.Debug|Any CPU.Build.0 = Debug|Any CPU
		{6D6927C1-9714-4DD4-8FE4-DAFD3E19E1BA}.Release|Any CPU.ActiveCfg = Release|Any CPU
		{6D6927C1-9714-4DD4-8FE4-DAFD3E19E1BA}.Release|Any CPU.Build.0 = Release|Any CPU
		{5C5AC92D-7010-4C24-A94D-7922787A58FE}.Debug|Any CPU.ActiveCfg = Debug|Any CPU
		{5C5AC92D-7010-4C24-A94D-7922787A58FE}.Debug|Any CPU.Build.0 = Debug|Any CPU
		{5C5AC92D-7010-4C24-A94D-7922787A58FE}.Release|Any CPU.ActiveCfg = Release|Any CPU
		{5C5AC92D-7010-4C24-A94D-7922787A58FE}.Release|Any CPU.Build.0 = Release|Any CPU
		{493DD2DA-A3B3-4122-8DB4-7C854F80EB7D}.Debug|Any CPU.ActiveCfg = Debug|Any CPU
		{493DD2DA-A3B3-4122-8DB4-7C854F80EB7D}.Debug|Any CPU.Build.0 = Debug|Any CPU
		{493DD2DA-A3B3-4122-8DB4-7C854F80EB7D}.Release|Any CPU.ActiveCfg = Release|Any CPU
		{493DD2DA-A3B3-4122-8DB4-7C854F80EB7D}.Release|Any CPU.Build.0 = Release|Any CPU
		{EFF23932-7926-4DDD-8B45-9E7E2A2CA03A}.Debug|Any CPU.ActiveCfg = Debug|Any CPU
		{EFF23932-7926-4DDD-8B45-9E7E2A2CA03A}.Debug|Any CPU.Build.0 = Debug|Any CPU
		{EFF23932-7926-4DDD-8B45-9E7E2A2CA03A}.Release|Any CPU.ActiveCfg = Release|Any CPU
		{EFF23932-7926-4DDD-8B45-9E7E2A2CA03A}.Release|Any CPU.Build.0 = Release|Any CPU
		{80D03D0B-F9FE-4553-A4BF-49EBA3AFC719}.Debug|Any CPU.ActiveCfg = Debug|Any CPU
		{80D03D0B-F9FE-4553-A4BF-49EBA3AFC719}.Debug|Any CPU.Build.0 = Debug|Any CPU
		{80D03D0B-F9FE-4553-A4BF-49EBA3AFC719}.Release|Any CPU.ActiveCfg = Release|Any CPU
		{80D03D0B-F9FE-4553-A4BF-49EBA3AFC719}.Release|Any CPU.Build.0 = Release|Any CPU
		{307F485C-E7CD-473E-AA44-CFDA7350EFA4}.Debug|Any CPU.ActiveCfg = Debug|Any CPU
		{307F485C-E7CD-473E-AA44-CFDA7350EFA4}.Debug|Any CPU.Build.0 = Debug|Any CPU
		{307F485C-E7CD-473E-AA44-CFDA7350EFA4}.Release|Any CPU.ActiveCfg = Release|Any CPU
		{307F485C-E7CD-473E-AA44-CFDA7350EFA4}.Release|Any CPU.Build.0 = Release|Any CPU
		{3039FB26-0176-472A-96C0-60538A27AE0D}.Debug|Any CPU.ActiveCfg = Debug|Any CPU
		{3039FB26-0176-472A-96C0-60538A27AE0D}.Debug|Any CPU.Build.0 = Debug|Any CPU
		{3039FB26-0176-472A-96C0-60538A27AE0D}.Release|Any CPU.ActiveCfg = Release|Any CPU
		{3039FB26-0176-472A-96C0-60538A27AE0D}.Release|Any CPU.Build.0 = Release|Any CPU
		{BDF370ED-DDBF-4C10-8FA9-E2657B85678A}.Debug|Any CPU.ActiveCfg = Debug|Any CPU
		{BDF370ED-DDBF-4C10-8FA9-E2657B85678A}.Debug|Any CPU.Build.0 = Debug|Any CPU
		{BDF370ED-DDBF-4C10-8FA9-E2657B85678A}.Release|Any CPU.ActiveCfg = Release|Any CPU
		{BDF370ED-DDBF-4C10-8FA9-E2657B85678A}.Release|Any CPU.Build.0 = Release|Any CPU
		{13B6BEFF-A4DF-4F7B-B889-2967101FDC15}.Debug|Any CPU.ActiveCfg = Debug|Any CPU
		{13B6BEFF-A4DF-4F7B-B889-2967101FDC15}.Debug|Any CPU.Build.0 = Debug|Any CPU
		{13B6BEFF-A4DF-4F7B-B889-2967101FDC15}.Release|Any CPU.ActiveCfg = Release|Any CPU
		{13B6BEFF-A4DF-4F7B-B889-2967101FDC15}.Release|Any CPU.Build.0 = Release|Any CPU
	EndGlobalSection
	GlobalSection(NestedProjects) = preSolution
		{930E5131-B018-4255-BC08-ACE8F2C1BAC5} = {6D101418-9A2D-41CB-BEA9-47F915395CE8}
		{631F3027-FFC5-4F91-8ED5-8B0A8DF97ABE} = {6D101418-9A2D-41CB-BEA9-47F915395CE8}
		{69F84025-1299-498A-B358-963272578C92} = {5D1259AE-E0B7-43FA-AACC-87F587A0282C}
		{0845E057-896F-4A8B-AAA5-233091B7EB1D} = {5D1259AE-E0B7-43FA-AACC-87F587A0282C}
		{005CE889-4674-4EAB-8A21-867E7D9A2BCD} = {5D1259AE-E0B7-43FA-AACC-87F587A0282C}
		{5330599B-ECAA-47A3-8DF1-539CF7885AFC} = {5D1259AE-E0B7-43FA-AACC-87F587A0282C}
		{31E30DA3-9D5E-4963-BB40-CCFE30E3D20F} = {5D1259AE-E0B7-43FA-AACC-87F587A0282C}
		{81495540-0965-45D4-B42F-95BD1B747DBE} = {5BBCB9D9-C272-4400-ABCE-B47C073AF753}
		{5B18DAF2-E35C-48A9-AB72-65A481DB5590} = {5BBCB9D9-C272-4400-ABCE-B47C073AF753}
		{D02F020D-2464-48F3-B89E-EF4BABCB7713} = {5BBCB9D9-C272-4400-ABCE-B47C073AF753}
		{0051033D-1CCB-460C-9E3D-7027141B437A} = {5BBCB9D9-C272-4400-ABCE-B47C073AF753}
		{5C5AC92D-7010-4C24-A94D-7922787A58FE} = {5BBCB9D9-C272-4400-ABCE-B47C073AF753}
		{493DD2DA-A3B3-4122-8DB4-7C854F80EB7D} = {9DA1A834-39B0-424F-A527-C0E9B2CBD931}
		{EFF23932-7926-4DDD-8B45-9E7E2A2CA03A} = {5BBCB9D9-C272-4400-ABCE-B47C073AF753}
		{80D03D0B-F9FE-4553-A4BF-49EBA3AFC719} = {2D49C796-8A20-414E-818A-A92E7161D1B3}
		{307F485C-E7CD-473E-AA44-CFDA7350EFA4} = {2D49C796-8A20-414E-818A-A92E7161D1B3}
		{3039FB26-0176-472A-96C0-60538A27AE0D} = {5BBCB9D9-C272-4400-ABCE-B47C073AF753}
		{E15A13F9-7FB8-4A77-99F8-1CE05914301B} = {9DA1A834-39B0-424F-A527-C0E9B2CBD931}
		{55740D51-1175-4786-A6F2-AC1AFF29864D} = {9DA1A834-39B0-424F-A527-C0E9B2CBD931}
		{BDF370ED-DDBF-4C10-8FA9-E2657B85678A} = {2D49C796-8A20-414E-818A-A92E7161D1B3}
		{13B6BEFF-A4DF-4F7B-B889-2967101FDC15} = {2D49C796-8A20-414E-818A-A92E7161D1B3}
	EndGlobalSection
EndGlobal
